<?xml version="1.0" encoding="utf-8"?>
<Project ToolsVersion="4.0" xmlns="http://schemas.microsoft.com/developer/msbuild/2003">
  <ItemGroup>
    <Filter Include="Source Files">
      <UniqueIdentifier>{55291752-d0bd-4541-a191-a836cb61185f}</UniqueIdentifier>
      <Extensions>cpp;c;cxx;rc;def;r;odl;idl;hpj;bat</Extensions>
    </Filter>
    <Filter Include="Header Files">
      <UniqueIdentifier>{8858bbb5-ac0b-4ddf-b339-23a02793a93c}</UniqueIdentifier>
      <Extensions>h;hpp;hxx;hm;inl</Extensions>
    </Filter>
    <Filter Include="Resource Files">
      <UniqueIdentifier>{b68f19a0-2ded-40d3-ba24-d98e6de9ea05}</UniqueIdentifier>
      <Extensions>ico;cur;bmp;dlg;rc2;rct;bin;rgs;gif;jpg;jpeg;jpe</Extensions>
    </Filter>
  </ItemGroup>
  <ItemGroup>
    <ClCompile Include="DlgGameCode.cpp">
      <Filter>Source Files</Filter>
    </ClCompile>
    <ClCompile Include="DlgHelp.cpp">
      <Filter>Source Files</Filter>
    </ClCompile>
    <ClCompile Include="DlgSet.cpp">
      <Filter>Source Files</Filter>
    </ClCompile>
    <ClCompile Include="filereport.cpp">
      <Filter>Source Files</Filter>
    </ClCompile>
    <ClCompile Include="gamebox.cpp">
      <Filter>Source Files</Filter>
    </ClCompile>
    <ClCompile Include="mybitmap.cpp">
      <Filter>Source Files</Filter>
    </ClCompile>
    <ClCompile Include="squareM1.cpp">
      <Filter>Source Files</Filter>
    </ClCompile>
    <ClCompile Include="squareM1Dlg.cpp">
      <Filter>Source Files</Filter>
    </ClCompile>
    <ClCompile Include="StdAfx.cpp">
      <Filter>Source Files</Filter>
    </ClCompile>
  </ItemGroup>
  <ItemGroup>
    <ResourceCompile Include="squareM1.rc">
      <Filter>Source Files</Filter>
    </ResourceCompile>
  </ItemGroup>
  <ItemGroup>
    <ClInclude Include="DlgGameCode.h">
      <Filter>Header Files</Filter>
    </ClInclude>
    <ClInclude Include="DlgHelp.h">
      <Filter>Header Files</Filter>
    </ClInclude>
    <ClInclude Include="DlgSet.h">
      <Filter>Header Files</Filter>
    </ClInclude>
    <ClInclude Include="filereport.h">
      <Filter>Header Files</Filter>
    </ClInclude>
    <ClInclude Include="gamebox.h">
      <Filter>Header Files</Filter>
    </ClInclude>
    <ClInclude Include="mybitmap.h">
      <Filter>Header Files</Filter>
    </ClInclude>
    <ClInclude Include="myclock.h">
      <Filter>Header Files</Filter>
    </ClInclude>
    <ClInclude Include="mykey.h">
      <Filter>Header Files</Filter>
    </ClInclude>
    <ClInclude Include="Resource.h">
      <Filter>Header Files</Filter>
    </ClInclude>
    <ClInclude Include="squareM1.h">
      <Filter>Header Files</Filter>
    </ClInclude>
    <ClInclude Include="squareM1Dlg.h">
      <Filter>Header Files</Filter>
    </ClInclude>
    <ClInclude Include="StdAfx.h">
      <Filter>Header Files</Filter>
    </ClInclude>
  </ItemGroup>
  <ItemGroup>
    <Image Include="pic\back.bmp">
      <Filter>Resource Files</Filter>
    </Image>
    <Image Include="pic\bomb.bmp">
      <Filter>Resource Files</Filter>
    </Image>
    <Image Include="pic\button.bmp">
      <Filter>Resource Files</Filter>
    </Image>
    <Image Include="pic\square.bmp">
      <Filter>Resource Files</Filter>
    </Image>
    <Image Include="res\squareM1.ico">
      <Filter>Resource Files</Filter>
    </Image>
    <Image Include="pic\start.bmp">
      <Filter>Resource Files</Filter>
    </Image>
  </ItemGroup>
  <ItemGroup>
    <Text Include="ReadMe.txt" />
  </ItemGroup>
  <ItemGroup>
    <CustomBuild Include="res\squareM1.rc2">
      <Filter>Resource Files</Filter>
    </CustomBuild>
  </ItemGroup>
</Project>